// !$*UTF8*$!
{
	archiveVersion = 1;
	classes = {
	};
	objectVersion = 46;
	objects = {

/* Begin PBXBuildFile section */
		969692C41D92280C003452A4 /* main.m in Sources */ = {isa = PBXBuildFile; fileRef = 969692C31D92280C003452A4 /* main.m */; };
		969692C71D92280C003452A4 /* AppDelegate.m in Sources */ = {isa = PBXBuildFile; fileRef = 969692C61D92280C003452A4 /* AppDelegate.m */; };
		969692CA1D92280C003452A4 /* ViewController.m in Sources */ = {isa = PBXBuildFile; fileRef = 969692C91D92280C003452A4 /* ViewController.m */; };
		969692CD1D92280C003452A4 /* Main.storyboard in Resources */ = {isa = PBXBuildFile; fileRef = 969692CB1D92280C003452A4 /* Main.storyboard */; };
		969692CF1D92280C003452A4 /* Assets.xcassets in Resources */ = {isa = PBXBuildFile; fileRef = 969692CE1D92280C003452A4 /* Assets.xcassets */; };
		969692D21D92280C003452A4 /* LaunchScreen.storyboard in Resources */ = {isa = PBXBuildFile; fileRef = 969692D01D92280C003452A4 /* LaunchScreen.storyboard */; };
		969692DB1D92283C003452A4 /* SYBallonView.m in Sources */ = {isa = PBXBuildFile; fileRef = 969692DA1D92283C003452A4 /* SYBallonView.m */; };
/* End PBXBuildFile section */

/* Begin PBXFileReference section */
		969692BF1D92280C003452A4 /* 多气球上升.app */ = {isa = PBXFileReference; explicitFileType = wrapper.application; includeInIndex = 0; path = "多气球上升.app"; sourceTree = BUILT_PRODUCTS_DIR; };
		969692C31D92280C003452A4 /* main.m */ = {isa = PBXFileReference; lastKnownFileType = sourcecode.c.objc; path = main.m; sourceTree = "<group>"; };
		969692C51D92280C003452A4 /* AppDelegate.h */ = {isa = PBXFileReference; lastKnownFileType = sourcecode.c.h; path = AppDelegate.h; sourceTree = "<group>"; };
		969692C61D92280C003452A4 /* AppDelegate.m */ = {isa = PBXFileReference; lastKnownFileType = sourcecode.c.objc; path = AppDelegate.m; sourceTree = "<group>"; };
		969692C81D92280C003452A4 /* ViewController.h */ = {isa = PBXFileReference; lastKnownFileType = sourcecode.c.h; path = ViewController.h; sourceTree = "<group>"; };
		969692C91D92280C003452A4 /* ViewController.m */ = {isa = PBXFileReference; lastKnownFileType = sourcecode.c.objc; path = ViewController.m; sourceTree = "<group>"; };
		969692CC1D92280C003452A4 /* Base */ = {isa = PBXFileReference; lastKnownFileType = file.storyboard; name = Base; path = Base.lproj/Main.storyboard; sourceTree = "<group>"; };
		969692CE1D92280C003452A4 /* Assets.xcassets */ = {isa = PBXFileReference; lastKnownFileType = folder.assetcatalog; path = Assets.xcassets; sourceTree = "<group>"; };
		969692D11D92280C003452A4 /* Base */ = {isa = PBXFileReference; lastKnownFileType = file.storyboard; name = Base; path = Base.lproj/LaunchScreen.storyboard; sourceTree = "<group>"; };
		969692D31D92280C003452A4 /* Info.plist */ = {isa = PBXFileReference; lastKnownFileType = text.plist.xml; path = Info.plist; sourceTree = "<group>"; };
		969692D91D92283C003452A4 /* SYBallonView.h */ = {isa = PBXFileReference; fileEncoding = 4; lastKnownFileType = sourcecode.c.h; path = SYBallonView.h; sourceTree = "<group>"; };
		969692DA1D92283C003452A4 /* SYBallonView.m */ = {isa = PBXFileReference; fileEncoding = 4; lastKnownFileType = sourcecode.c.objc; path = SYBallonView.m; sourceTree = "<group>"; };
/* End PBXFileReference section */

/* Begin PBXFrameworksBuildPhase section */
		969692BC1D92280C003452A4 /* Frameworks */ = {
			isa = PBXFrameworksBuildPhase;
			buildActionMask = 2147483647;
			files = (
			);
			runOnlyForDeploymentPostprocessing = 0;
		};
/* End PBXFrameworksBuildPhase section */

/* Begin PBXGroup section */
		969692B61D92280C003452A4 = {
			isa = PBXGroup;
			children = (
				969692C11D92280C003452A4 /* 多气球上升 */,
				969692C01D92280C003452A4 /* Products */,
			);
			sourceTree = "<group>";
		};
		969692C01D92280C003452A4 /* Products */ = {
			isa = PBXGroup;
			children = (
				969692BF1D92280C003452A4 /* 多气球上升.app */,
			);
			name = Products;
			sourceTree = "<group>";
		};
		969692C11D92280C003452A4 /* 多气球上升 */ = {
			isa = PBXGroup;
			children = (
				969692C51D92280C003452A4 /* AppDelegate.h */,
				969692C61D92280C003452A4 /* AppDelegate.m */,
				969692C81D92280C003452A4 /* ViewController.h */,
				969692C91D92280C003452A4 /* ViewController.m */,
				969692CB1D92280C003452A4 /* Main.storyboard */,
				969692D91D92283C003452A4 /* SYBallonView.h */,
				969692DA1D92283C003452A4 /* SYBallonView.m */,
				969692CE1D92280C003452A4 /* Assets.xcassets */,
				969692D01D92280C003452A4 /* LaunchScreen.storyboard */,
				969692D31D92280C003452A4 /* Info.plist */,
				969692C21D92280C003452A4 /* Supporting Files */,
			);
			path = "多气球上升";
			sourceTree = "<group>";
		};
		969692C21D92280C003452A4 /* Supporting Files */ = {
			isa = PBXGroup;
			children = (
				969692C31D92280C003452A4 /* main.m */,
			);
			name = "Supporting Files";
			sourceTree = "<group>";
		};
/* End PBXGroup section */

/* Begin PBXNativeTarget section */
		969692BE1D92280C003452A4 /* 多气球上升 */ = {
			isa = PBXNativeTarget;
			buildConfigurationList = 969692D61D92280C003452A4 /* Build configuration list for PBXNativeTarget "多气球上升" */;
			buildPhases = (
				969692BB1D92280C003452A4 /* Sources */,
				969692BC1D92280C003452A4 /* Frameworks */,
				969692BD1D92280C003452A4 /* Resources */,
			);
			buildRules = (
			);
			dependencies = (
			);
			name = "多气球上升";
			productName = "多气球上升";
			productReference = 969692BF1D92280C003452A4 /* 多气球上升.app */;
			productType = "com.apple.product-type.application";
		};
/* End PBXNativeTarget section */

/* Begin PBXProject section */
		969692B71D92280C003452A4 /* Project object */ = {
			isa = PBXProject;
			attributes = {
				LastUpgradeCheck = 0800;
				ORGANIZATIONNAME = jason;
				TargetAttributes = {
					969692BE1D92280C003452A4 = {
						CreatedOnToolsVersion = 8.0;
						ProvisioningStyle = Automatic;
					};
				};
			};
			buildConfigurationList = 969692BA1D92280C003452A4 /* Build configuration list for PBXProject "多气球上升" */;
			compatibilityVersion = "Xcode 3.2";
			developmentRegion = English;
			hasScannedForEncodings = 0;
			knownRegions = (
				en,
				Base,
			);
			mainGroup = 969692B61D92280C003452A4;
			productRefGroup = 969692C01D92280C003452A4 /* Products */;
			projectDirPath = "";
			projectRoot = "";
			targets = (
				969692BE1D92280C003452A4 /* 多气球上升 */,
			);
		};
/* End PBXProject section */

/* Begin PBXResourcesBuildPhase section */
		969692BD1D92280C003452A4 /* Resources */ = {
			isa = PBXResourcesBuildPhase;
			buildActionMask = 2147483647;
			files = (
				969692D21D92280C003452A4 /* LaunchScreen.storyboard in Resources */,
				969692CF1D92280C003452A4 /* Assets.xcassets in Resources */,
				969692CD1D92280C003452A4 /* Main.storyboard in Resources */,
			);
			runOnlyForDeploymentPostprocessing = 0;
		};
/* End PBXResourcesBuildPhase section */

/* Begin PBXSourcesBuildPhase section */
		969692BB1D92280C003452A4 /* Sources */ = {
			isa = PBXSourcesBuildPhase;
			buildActionMask = 2147483647;
			files = (
				969692DB1D92283C003452A4 /* SYBallonView.m in Sources */,
				969692CA1D92280C003452A4 /* ViewController.m in Sources */,
				969692C71D92280C003452A4 /* AppDelegate.m in Sources */,
				969692C41D92280C003452A4 /* main.m in Sources */,
			);
			runOnlyForDeploymentPostprocessing = 0;
		};
/* End PBXSourcesBuildPhase section */

/* Begin PBXVariantGroup section */
		969692CB1D92280C003452A4 /* Main.storyboard */ = {
			isa = PBXVariantGroup;
			children = (
				969692CC1D92280C003452A4 /* Base */,
			);
			name = Main.storyboard;
			sourceTree = "<group>";
		};
		969692D01D92280C003452A4 /* LaunchScreen.storyboard */ = {
			isa = PBXVariantGroup;
			children = (
				969692D11D92280C003452A4 /* Base */,
			);
			name = LaunchScreen.storyboard;
			sourceTree = "<group>";
		};
/* End PBXVariantGroup section */

/* Begin XCBuildConfiguration section */
		969692D41D92280C003452A4 /* Debug */ = {
			isa = XCBuildConfiguration;
			buildSettings = {
				ALWAYS_SEARCH_USER_PATHS = NO;
				CLANG_ANALYZER_NONNULL = YES;
				CLANG_CXX_LANGUAGE_STANDARD = "gnu++0x";
				CLANG_CXX_LIBRARY = "libc++";
				CLANG_ENABLE_MODULES = YES;
				CLANG_ENABLE_OBJC_ARC = YES;
				CLANG_WARN_BOOL_CONVERSION = YES;
				CLANG_WARN_CONSTANT_CONVERSION = YES;
				CLANG_WARN_DIRECT_OBJC_ISA_USAGE = YES_ERROR;
				CLANG_WARN_DOCUMENTATION_COMMENTS = YES;
				CLANG_WARN_EMPTY_BODY = YES;
				CLANG_WARN_ENUM_CONVERSION = YES;
				CLANG_WARN_INFINITE_RECURSION = YES;
				CLANG_WARN_INT_CONVERSION = YES;
				CLANG_WARN_OBJC_ROOT_CLASS = YES_ERROR;
				CLANG_WARN_SUSPICIOUS_MOVES = YES;
				CLANG_WARN_UNREACHABLE_CODE = YES;
				CLANG_WARN__DUPLICATE_METHOD_MATCH = YES;
				"CODE_SIGN_IDENTITY[sdk=iphoneos*]" = "iPhone Developer";
				COPY_PHASE_STRIP = NO;
				DEBUG_INFORMATION_FORMAT = dwarf;
				ENABLE_STRICT_OBJC_MSGSEND = YES;
				ENABLE_TESTABILITY = YES;
				GCC_C_LANGUAGE_STANDARD = gnu99;
				GCC_DYNAMIC_NO_PIC = NO;
				GCC_NO_COMMON_BLOCKS = YES;
				GCC_OPTIMIZATION_LEVEL = 0;
				GCC_PREPROCESSOR_DEFINITIONS = (
					"DEBUG=1",
					"$(inherited)",
				);
				GCC_WARN_64_TO_32_BIT_CONVERSION = YES;
				GCC_WARN_ABOUT_RETURN_TYPE = YES_ERROR;
				GCC_WARN_UNDECLARED_SELECTOR = YES;
				GCC_WARN_UNINITIALIZED_AUTOS = YES_AGGRESSIVE;
				GCC_WARN_UNUSED_FUNCTION = YES;
				GCC_WARN_UNUSED_VARIABLE = YES;
				IPHONEOS_DEPLOYMENT_TARGET = 10.0;
				MTL_ENABLE_DEBUG_INFO = YES;
				ONLY_ACTIVE_ARCH = YES;
				SDKROOT = iphoneos;
			};
			name = Debug;
		};
		969692D51D92280C003452A4 /* Release */ = {
			isa = XCBuildConfiguration;
			buildSettings = {
				ALWAYS_SEARCH_USER_PATHS = NO;
				CLANG_ANALYZER_NONNULL = YES;
				CLANG_CXX_LANGUAGE_STANDARD = "gnu++0x";
				CLANG_CXX_LIBRARY = "libc++";
				CLANG_ENABLE_MODULES = YES;
				CLANG_ENABLE_OBJC_ARC = YES;
				CLANG_WARN_BOOL_CONVERSION = YES;
				CLANG_WARN_CONSTANT_CONVERSION = YES;
				CLANG_WARN_DIRECT_OBJC_ISA_USAGE = YES_ERROR;
				CLANG_WARN_DOCUMENTATION_COMMENTS = YES;
				CLANG_WARN_EMPTY_BODY = YES;
				CLANG_WARN_ENUM_CONVERSION = YES;
				CLANG_WARN_INFINITE_RECURSION = YES;
				CLANG_WARN_INT_CONVERSION = YES;
				CLANG_WARN_OBJC_ROOT_CLASS = YES_ERROR;
				CLANG_WARN_SUSPICIOUS_MOVES = YES;
				CLANG_WARN_UNREACHABLE_CODE = YES;
				CLANG_WARN__DUPLICATE_METHOD_MATCH = YES;
				"CODE_SIGN_IDENTITY[sdk=iphoneos*]" = "iPhone Developer";
				COPY_PHASE_STRIP = NO;
				DEBUG_INFORMATION_FORMAT = "dwarf-with-dsym";
				ENABLE_NS_ASSERTIONS = NO;
				ENABLE_STRICT_OBJC_MSGSEND = YES;
				GCC_C_LANGUAGE_STANDARD = gnu99;
				GCC_NO_COMMON_BLOCKS = YES;
				GCC_WARN_64_TO_32_BIT_CONVERSION = YES;
				GCC_WARN_ABOUT_RETURN_TYPE = YES_ERROR;
				GCC_WARN_UNDECLARED_SELECTOR = YES;
				GCC_WARN_UNINITIALIZED_AUTOS = YES_AGGRESSIVE;
				GCC_WARN_UNUSED_FUNCTION = YES;
				GCC_WARN_UNUSED_VARIABLE = YES;
				IPHONEOS_DEPLOYMENT_TARGET = 10.0;
				MTL_ENABLE_DEBUG_INFO = NO;
				SDKROOT = iphoneos;
				VALIDATE_PRODUCT = YES;
			};
			name = Release;
		};
		969692D71D92280C003452A4 /* Debug */ = {
			isa = XCBuildConfiguration;
			buildSettings = {
				ASSETCATALOG_COMPILER_APPICON_NAME = AppIcon;
				INFOPLIST_FILE = "多气球上升/Info.plist";
				LD_RUNPATH_SEARCH_PATHS = "$(inherited) @executable_path/Frameworks";
				PRODUCT_BUNDLE_IDENTIFIER = "com.jason.-----";
				PRODUCT_NAME = "$(TARGET_NAME)";
			};
			name = Debug;
		};
		969692D81D92280C003452A4 /* Release */ = {
			isa = XCBuildConfiguration;
			buildSettings = {
				ASSETCATALOG_COMPILER_APPICON_NAME = AppIcon;
				INFOPLIST_FILE = "多气球上升/Info.plist";
				LD_RUNPATH_SEARCH_PATHS = "$(inherited) @executable_path/Frameworks";
				PRODUCT_BUNDLE_IDENTIFIER = "com.jason.-----";
				PRODUCT_NAME = "$(TARGET_NAME)";
			};
			name = Release;
		};
/* End XCBuildConfiguration section */

/* Begin XCConfigurationList section */
		969692BA1D92280C003452A4 /* Build configuration list for PBXProject "多气球上升" */ = {
			isa = XCConfigurationList;
			buildConfigurations = (
				969692D41D92280C003452A4 /* Debug */,
				969692D51D92280C003452A4 /* Release */,
			);
			defaultConfigurationIsVisible = 0;
			defaultConfigurationName = Release;
		};
		969692D61D92280C003452A4 /* Build configuration list for PBXNativeTarget "多气球上升" */ = {
			isa = XCConfigurationList;
			buildConfigurations = (
				969692D71D92280C003452A4 /* Debug */,
				969692D81D92280C003452A4 /* Release */,
			);
			defaultConfigurationIsVisible = 0;
		};
/* End XCConfigurationList section */
	};
	rootObject = 969692B71D92280C003452A4 /* Project object */;
}
