// !$*UTF8*$!
{
	archiveVersion = 1;
	classes = {
	};
	objectVersion = 46;
	objects = {

/* Begin PBXBuildFile section */
		9692F1931D82EE77009F21CB /* main.m in Sources */ = {isa = PBXBuildFile; fileRef = 9692F1921D82EE77009F21CB /* main.m */; };
		9692F1961D82EE77009F21CB /* AppDelegate.m in Sources */ = {isa = PBXBuildFile; fileRef = 9692F1951D82EE77009F21CB /* AppDelegate.m */; };
		9692F1991D82EE77009F21CB /* ViewController.m in Sources */ = {isa = PBXBuildFile; fileRef = 9692F1981D82EE77009F21CB /* ViewController.m */; };
		9692F19C1D82EE77009F21CB /* Main.storyboard in Resources */ = {isa = PBXBuildFile; fileRef = 9692F19A1D82EE77009F21CB /* Main.storyboard */; };
		9692F19E1D82EE77009F21CB /* Assets.xcassets in Resources */ = {isa = PBXBuildFile; fileRef = 9692F19D1D82EE77009F21CB /* Assets.xcassets */; };
		9692F1A11D82EE77009F21CB /* LaunchScreen.storyboard in Resources */ = {isa = PBXBuildFile; fileRef = 9692F19F1D82EE77009F21CB /* LaunchScreen.storyboard */; };
		9692F1AB1D82EF0D009F21CB /* SYViewController.m in Sources */ = {isa = PBXBuildFile; fileRef = 9692F1A91D82EF0D009F21CB /* SYViewController.m */; };
		9692F1AE1D82F186009F21CB /* SYView.xib in Resources */ = {isa = PBXBuildFile; fileRef = 9692F1AD1D82F186009F21CB /* SYView.xib */; };
		9692F1B21D82F3B4009F21CB /* SYViewController.xib in Resources */ = {isa = PBXBuildFile; fileRef = 9692F1B11D82F3B4009F21CB /* SYViewController.xib */; };
/* End PBXBuildFile section */

/* Begin PBXFileReference section */
		9692F18E1D82EE77009F21CB /* 控制器的创建方式.app */ = {isa = PBXFileReference; explicitFileType = wrapper.application; includeInIndex = 0; path = "控制器的创建方式.app"; sourceTree = BUILT_PRODUCTS_DIR; };
		9692F1921D82EE77009F21CB /* main.m */ = {isa = PBXFileReference; lastKnownFileType = sourcecode.c.objc; path = main.m; sourceTree = "<group>"; };
		9692F1941D82EE77009F21CB /* AppDelegate.h */ = {isa = PBXFileReference; lastKnownFileType = sourcecode.c.h; path = AppDelegate.h; sourceTree = "<group>"; };
		9692F1951D82EE77009F21CB /* AppDelegate.m */ = {isa = PBXFileReference; lastKnownFileType = sourcecode.c.objc; path = AppDelegate.m; sourceTree = "<group>"; };
		9692F1971D82EE77009F21CB /* ViewController.h */ = {isa = PBXFileReference; lastKnownFileType = sourcecode.c.h; path = ViewController.h; sourceTree = "<group>"; };
		9692F1981D82EE77009F21CB /* ViewController.m */ = {isa = PBXFileReference; lastKnownFileType = sourcecode.c.objc; path = ViewController.m; sourceTree = "<group>"; };
		9692F19B1D82EE77009F21CB /* Base */ = {isa = PBXFileReference; lastKnownFileType = file.storyboard; name = Base; path = Base.lproj/Main.storyboard; sourceTree = "<group>"; };
		9692F19D1D82EE77009F21CB /* Assets.xcassets */ = {isa = PBXFileReference; lastKnownFileType = folder.assetcatalog; path = Assets.xcassets; sourceTree = "<group>"; };
		9692F1A01D82EE77009F21CB /* Base */ = {isa = PBXFileReference; lastKnownFileType = file.storyboard; name = Base; path = Base.lproj/LaunchScreen.storyboard; sourceTree = "<group>"; };
		9692F1A21D82EE77009F21CB /* Info.plist */ = {isa = PBXFileReference; lastKnownFileType = text.plist.xml; path = Info.plist; sourceTree = "<group>"; };
		9692F1A81D82EF0D009F21CB /* SYViewController.h */ = {isa = PBXFileReference; fileEncoding = 4; lastKnownFileType = sourcecode.c.h; path = SYViewController.h; sourceTree = "<group>"; };
		9692F1A91D82EF0D009F21CB /* SYViewController.m */ = {isa = PBXFileReference; fileEncoding = 4; lastKnownFileType = sourcecode.c.objc; path = SYViewController.m; sourceTree = "<group>"; };
		9692F1AD1D82F186009F21CB /* SYView.xib */ = {isa = PBXFileReference; fileEncoding = 4; lastKnownFileType = file.xib; path = SYView.xib; sourceTree = "<group>"; };
		9692F1B11D82F3B4009F21CB /* SYViewController.xib */ = {isa = PBXFileReference; fileEncoding = 4; lastKnownFileType = file.xib; path = SYViewController.xib; sourceTree = "<group>"; };
/* End PBXFileReference section */

/* Begin PBXFrameworksBuildPhase section */
		9692F18B1D82EE77009F21CB /* Frameworks */ = {
			isa = PBXFrameworksBuildPhase;
			buildActionMask = 2147483647;
			files = (
			);
			runOnlyForDeploymentPostprocessing = 0;
		};
/* End PBXFrameworksBuildPhase section */

/* Begin PBXGroup section */
		9692F1851D82EE77009F21CB = {
			isa = PBXGroup;
			children = (
				9692F1901D82EE77009F21CB /* 控制器的创建方式 */,
				9692F18F1D82EE77009F21CB /* Products */,
			);
			sourceTree = "<group>";
		};
		9692F18F1D82EE77009F21CB /* Products */ = {
			isa = PBXGroup;
			children = (
				9692F18E1D82EE77009F21CB /* 控制器的创建方式.app */,
			);
			name = Products;
			sourceTree = "<group>";
		};
		9692F1901D82EE77009F21CB /* 控制器的创建方式 */ = {
			isa = PBXGroup;
			children = (
				9692F1941D82EE77009F21CB /* AppDelegate.h */,
				9692F1951D82EE77009F21CB /* AppDelegate.m */,
				9692F1971D82EE77009F21CB /* ViewController.h */,
				9692F1981D82EE77009F21CB /* ViewController.m */,
				9692F19A1D82EE77009F21CB /* Main.storyboard */,
				9692F1A81D82EF0D009F21CB /* SYViewController.h */,
				9692F1A91D82EF0D009F21CB /* SYViewController.m */,
				9692F1B11D82F3B4009F21CB /* SYViewController.xib */,
				9692F1AD1D82F186009F21CB /* SYView.xib */,
				9692F19D1D82EE77009F21CB /* Assets.xcassets */,
				9692F19F1D82EE77009F21CB /* LaunchScreen.storyboard */,
				9692F1A21D82EE77009F21CB /* Info.plist */,
				9692F1911D82EE77009F21CB /* Supporting Files */,
			);
			path = "控制器的创建方式";
			sourceTree = "<group>";
		};
		9692F1911D82EE77009F21CB /* Supporting Files */ = {
			isa = PBXGroup;
			children = (
				9692F1921D82EE77009F21CB /* main.m */,
			);
			name = "Supporting Files";
			sourceTree = "<group>";
		};
/* End PBXGroup section */

/* Begin PBXNativeTarget section */
		9692F18D1D82EE77009F21CB /* 控制器的创建方式 */ = {
			isa = PBXNativeTarget;
			buildConfigurationList = 9692F1A51D82EE77009F21CB /* Build configuration list for PBXNativeTarget "控制器的创建方式" */;
			buildPhases = (
				9692F18A1D82EE77009F21CB /* Sources */,
				9692F18B1D82EE77009F21CB /* Frameworks */,
				9692F18C1D82EE77009F21CB /* Resources */,
			);
			buildRules = (
			);
			dependencies = (
			);
			name = "控制器的创建方式";
			productName = "控制器的创建方式";
			productReference = 9692F18E1D82EE77009F21CB /* 控制器的创建方式.app */;
			productType = "com.apple.product-type.application";
		};
/* End PBXNativeTarget section */

/* Begin PBXProject section */
		9692F1861D82EE77009F21CB /* Project object */ = {
			isa = PBXProject;
			attributes = {
				LastUpgradeCheck = 0730;
				ORGANIZATIONNAME = Jason;
				TargetAttributes = {
					9692F18D1D82EE77009F21CB = {
						CreatedOnToolsVersion = 7.3.1;
						DevelopmentTeam = HK7Q29M6YN;
					};
				};
			};
			buildConfigurationList = 9692F1891D82EE77009F21CB /* Build configuration list for PBXProject "控制器的创建方式" */;
			compatibilityVersion = "Xcode 3.2";
			developmentRegion = English;
			hasScannedForEncodings = 0;
			knownRegions = (
				en,
				Base,
			);
			mainGroup = 9692F1851D82EE77009F21CB;
			productRefGroup = 9692F18F1D82EE77009F21CB /* Products */;
			projectDirPath = "";
			projectRoot = "";
			targets = (
				9692F18D1D82EE77009F21CB /* 控制器的创建方式 */,
			);
		};
/* End PBXProject section */

/* Begin PBXResourcesBuildPhase section */
		9692F18C1D82EE77009F21CB /* Resources */ = {
			isa = PBXResourcesBuildPhase;
			buildActionMask = 2147483647;
			files = (
				9692F1AE1D82F186009F21CB /* SYView.xib in Resources */,
				9692F1A11D82EE77009F21CB /* LaunchScreen.storyboard in Resources */,
				9692F1B21D82F3B4009F21CB /* SYViewController.xib in Resources */,
				9692F19E1D82EE77009F21CB /* Assets.xcassets in Resources */,
				9692F19C1D82EE77009F21CB /* Main.storyboard in Resources */,
			);
			runOnlyForDeploymentPostprocessing = 0;
		};
/* End PBXResourcesBuildPhase section */

/* Begin PBXSourcesBuildPhase section */
		9692F18A1D82EE77009F21CB /* Sources */ = {
			isa = PBXSourcesBuildPhase;
			buildActionMask = 2147483647;
			files = (
				9692F1AB1D82EF0D009F21CB /* SYViewController.m in Sources */,
				9692F1991D82EE77009F21CB /* ViewController.m in Sources */,
				9692F1961D82EE77009F21CB /* AppDelegate.m in Sources */,
				9692F1931D82EE77009F21CB /* main.m in Sources */,
			);
			runOnlyForDeploymentPostprocessing = 0;
		};
/* End PBXSourcesBuildPhase section */

/* Begin PBXVariantGroup section */
		9692F19A1D82EE77009F21CB /* Main.storyboard */ = {
			isa = PBXVariantGroup;
			children = (
				9692F19B1D82EE77009F21CB /* Base */,
			);
			name = Main.storyboard;
			sourceTree = "<group>";
		};
		9692F19F1D82EE77009F21CB /* LaunchScreen.storyboard */ = {
			isa = PBXVariantGroup;
			children = (
				9692F1A01D82EE77009F21CB /* Base */,
			);
			name = LaunchScreen.storyboard;
			sourceTree = "<group>";
		};
/* End PBXVariantGroup section */

/* Begin XCBuildConfiguration section */
		9692F1A31D82EE77009F21CB /* Debug */ = {
			isa = XCBuildConfiguration;
			buildSettings = {
				ALWAYS_SEARCH_USER_PATHS = NO;
				CLANG_ANALYZER_NONNULL = YES;
				CLANG_CXX_LANGUAGE_STANDARD = "gnu++0x";
				CLANG_CXX_LIBRARY = "libc++";
				CLANG_ENABLE_MODULES = YES;
				CLANG_ENABLE_OBJC_ARC = YES;
				CLANG_WARN_BOOL_CONVERSION = YES;
				CLANG_WARN_CONSTANT_CONVERSION = YES;
				CLANG_WARN_DIRECT_OBJC_ISA_USAGE = YES_ERROR;
				CLANG_WARN_EMPTY_BODY = YES;
				CLANG_WARN_ENUM_CONVERSION = YES;
				CLANG_WARN_INT_CONVERSION = YES;
				CLANG_WARN_OBJC_ROOT_CLASS = YES_ERROR;
				CLANG_WARN_UNREACHABLE_CODE = YES;
				CLANG_WARN__DUPLICATE_METHOD_MATCH = YES;
				"CODE_SIGN_IDENTITY[sdk=iphoneos*]" = "iPhone Developer";
				COPY_PHASE_STRIP = NO;
				DEBUG_INFORMATION_FORMAT = dwarf;
				ENABLE_STRICT_OBJC_MSGSEND = YES;
				ENABLE_TESTABILITY = YES;
				GCC_C_LANGUAGE_STANDARD = gnu99;
				GCC_DYNAMIC_NO_PIC = NO;
				GCC_NO_COMMON_BLOCKS = YES;
				GCC_OPTIMIZATION_LEVEL = 0;
				GCC_PREPROCESSOR_DEFINITIONS = (
					"DEBUG=1",
					"$(inherited)",
				);
				GCC_WARN_64_TO_32_BIT_CONVERSION = YES;
				GCC_WARN_ABOUT_RETURN_TYPE = YES_ERROR;
				GCC_WARN_UNDECLARED_SELECTOR = YES;
				GCC_WARN_UNINITIALIZED_AUTOS = YES_AGGRESSIVE;
				GCC_WARN_UNUSED_FUNCTION = YES;
				GCC_WARN_UNUSED_VARIABLE = YES;
				IPHONEOS_DEPLOYMENT_TARGET = 9.3;
				MTL_ENABLE_DEBUG_INFO = YES;
				ONLY_ACTIVE_ARCH = YES;
				SDKROOT = iphoneos;
			};
			name = Debug;
		};
		9692F1A41D82EE77009F21CB /* Release */ = {
			isa = XCBuildConfiguration;
			buildSettings = {
				ALWAYS_SEARCH_USER_PATHS = NO;
				CLANG_ANALYZER_NONNULL = YES;
				CLANG_CXX_LANGUAGE_STANDARD = "gnu++0x";
				CLANG_CXX_LIBRARY = "libc++";
				CLANG_ENABLE_MODULES = YES;
				CLANG_ENABLE_OBJC_ARC = YES;
				CLANG_WARN_BOOL_CONVERSION = YES;
				CLANG_WARN_CONSTANT_CONVERSION = YES;
				CLANG_WARN_DIRECT_OBJC_ISA_USAGE = YES_ERROR;
				CLANG_WARN_EMPTY_BODY = YES;
				CLANG_WARN_ENUM_CONVERSION = YES;
				CLANG_WARN_INT_CONVERSION = YES;
				CLANG_WARN_OBJC_ROOT_CLASS = YES_ERROR;
				CLANG_WARN_UNREACHABLE_CODE = YES;
				CLANG_WARN__DUPLICATE_METHOD_MATCH = YES;
				"CODE_SIGN_IDENTITY[sdk=iphoneos*]" = "iPhone Developer";
				COPY_PHASE_STRIP = NO;
				DEBUG_INFORMATION_FORMAT = "dwarf-with-dsym";
				ENABLE_NS_ASSERTIONS = NO;
				ENABLE_STRICT_OBJC_MSGSEND = YES;
				GCC_C_LANGUAGE_STANDARD = gnu99;
				GCC_NO_COMMON_BLOCKS = YES;
				GCC_WARN_64_TO_32_BIT_CONVERSION = YES;
				GCC_WARN_ABOUT_RETURN_TYPE = YES_ERROR;
				GCC_WARN_UNDECLARED_SELECTOR = YES;
				GCC_WARN_UNINITIALIZED_AUTOS = YES_AGGRESSIVE;
				GCC_WARN_UNUSED_FUNCTION = YES;
				GCC_WARN_UNUSED_VARIABLE = YES;
				IPHONEOS_DEPLOYMENT_TARGET = 9.3;
				MTL_ENABLE_DEBUG_INFO = NO;
				SDKROOT = iphoneos;
				VALIDATE_PRODUCT = YES;
			};
			name = Release;
		};
		9692F1A61D82EE77009F21CB /* Debug */ = {
			isa = XCBuildConfiguration;
			buildSettings = {
				ASSETCATALOG_COMPILER_APPICON_NAME = AppIcon;
				INFOPLIST_FILE = "控制器的创建方式/Info.plist";
				LD_RUNPATH_SEARCH_PATHS = "$(inherited) @executable_path/Frameworks";
				PRODUCT_BUNDLE_IDENTIFIER = "com.jason.--------";
				PRODUCT_NAME = "$(TARGET_NAME)";
			};
			name = Debug;
		};
		9692F1A71D82EE77009F21CB /* Release */ = {
			isa = XCBuildConfiguration;
			buildSettings = {
				ASSETCATALOG_COMPILER_APPICON_NAME = AppIcon;
				INFOPLIST_FILE = "控制器的创建方式/Info.plist";
				LD_RUNPATH_SEARCH_PATHS = "$(inherited) @executable_path/Frameworks";
				PRODUCT_BUNDLE_IDENTIFIER = "com.jason.--------";
				PRODUCT_NAME = "$(TARGET_NAME)";
			};
			name = Release;
		};
/* End XCBuildConfiguration section */

/* Begin XCConfigurationList section */
		9692F1891D82EE77009F21CB /* Build configuration list for PBXProject "控制器的创建方式" */ = {
			isa = XCConfigurationList;
			buildConfigurations = (
				9692F1A31D82EE77009F21CB /* Debug */,
				9692F1A41D82EE77009F21CB /* Release */,
			);
			defaultConfigurationIsVisible = 0;
			defaultConfigurationName = Release;
		};
		9692F1A51D82EE77009F21CB /* Build configuration list for PBXNativeTarget "控制器的创建方式" */ = {
			isa = XCConfigurationList;
			buildConfigurations = (
				9692F1A61D82EE77009F21CB /* Debug */,
				9692F1A71D82EE77009F21CB /* Release */,
			);
			defaultConfigurationIsVisible = 0;
			defaultConfigurationName = Release;
		};
/* End XCConfigurationList section */
	};
	rootObject = 9692F1861D82EE77009F21CB /* Project object */;
}
