// !$*UTF8*$!
{
	archiveVersion = 1;
	classes = {
	};
	objectVersion = 46;
	objects = {

/* Begin PBXBuildFile section */
		9653D9711DB77AB200A84BCC /* main.m in Sources */ = {isa = PBXBuildFile; fileRef = 9653D9701DB77AB200A84BCC /* main.m */; };
		9653D9741DB77AB200A84BCC /* AppDelegate.m in Sources */ = {isa = PBXBuildFile; fileRef = 9653D9731DB77AB200A84BCC /* AppDelegate.m */; };
		9653D9771DB77AB200A84BCC /* ViewController.m in Sources */ = {isa = PBXBuildFile; fileRef = 9653D9761DB77AB200A84BCC /* ViewController.m */; };
		9653D97A1DB77AB200A84BCC /* Main.storyboard in Resources */ = {isa = PBXBuildFile; fileRef = 9653D9781DB77AB200A84BCC /* Main.storyboard */; };
		9653D97C1DB77AB200A84BCC /* Assets.xcassets in Resources */ = {isa = PBXBuildFile; fileRef = 9653D97B1DB77AB200A84BCC /* Assets.xcassets */; };
		9653D97F1DB77AB200A84BCC /* LaunchScreen.storyboard in Resources */ = {isa = PBXBuildFile; fileRef = 9653D97D1DB77AB200A84BCC /* LaunchScreen.storyboard */; };
		9653D98B1DB77AC700A84BCC /* libtestStatic.a in Frameworks */ = {isa = PBXBuildFile; fileRef = 9653D98A1DB77AC700A84BCC /* libtestStatic.a */; };
		9653D98D1DB77AD200A84BCC /* images.bundle in Resources */ = {isa = PBXBuildFile; fileRef = 9653D98C1DB77AD200A84BCC /* images.bundle */; };
/* End PBXBuildFile section */

/* Begin PBXFileReference section */
		9653D96C1DB77AB200A84BCC /* 测试静态库.app */ = {isa = PBXFileReference; explicitFileType = wrapper.application; includeInIndex = 0; path = "测试静态库.app"; sourceTree = BUILT_PRODUCTS_DIR; };
		9653D9701DB77AB200A84BCC /* main.m */ = {isa = PBXFileReference; lastKnownFileType = sourcecode.c.objc; path = main.m; sourceTree = "<group>"; };
		9653D9721DB77AB200A84BCC /* AppDelegate.h */ = {isa = PBXFileReference; lastKnownFileType = sourcecode.c.h; path = AppDelegate.h; sourceTree = "<group>"; };
		9653D9731DB77AB200A84BCC /* AppDelegate.m */ = {isa = PBXFileReference; lastKnownFileType = sourcecode.c.objc; path = AppDelegate.m; sourceTree = "<group>"; };
		9653D9751DB77AB200A84BCC /* ViewController.h */ = {isa = PBXFileReference; lastKnownFileType = sourcecode.c.h; path = ViewController.h; sourceTree = "<group>"; };
		9653D9761DB77AB200A84BCC /* ViewController.m */ = {isa = PBXFileReference; lastKnownFileType = sourcecode.c.objc; path = ViewController.m; sourceTree = "<group>"; };
		9653D9791DB77AB200A84BCC /* Base */ = {isa = PBXFileReference; lastKnownFileType = file.storyboard; name = Base; path = Base.lproj/Main.storyboard; sourceTree = "<group>"; };
		9653D97B1DB77AB200A84BCC /* Assets.xcassets */ = {isa = PBXFileReference; lastKnownFileType = folder.assetcatalog; path = Assets.xcassets; sourceTree = "<group>"; };
		9653D97E1DB77AB200A84BCC /* Base */ = {isa = PBXFileReference; lastKnownFileType = file.storyboard; name = Base; path = Base.lproj/LaunchScreen.storyboard; sourceTree = "<group>"; };
		9653D9801DB77AB200A84BCC /* Info.plist */ = {isa = PBXFileReference; lastKnownFileType = text.plist.xml; path = Info.plist; sourceTree = "<group>"; };
		9653D9891DB77AC700A84BCC /* testStatic.h */ = {isa = PBXFileReference; fileEncoding = 4; lastKnownFileType = sourcecode.c.h; path = testStatic.h; sourceTree = "<group>"; };
		9653D98A1DB77AC700A84BCC /* libtestStatic.a */ = {isa = PBXFileReference; lastKnownFileType = archive.ar; path = libtestStatic.a; sourceTree = "<group>"; };
		9653D98C1DB77AD200A84BCC /* images.bundle */ = {isa = PBXFileReference; lastKnownFileType = "wrapper.plug-in"; path = images.bundle; sourceTree = "<group>"; };
/* End PBXFileReference section */

/* Begin PBXFrameworksBuildPhase section */
		9653D9691DB77AB200A84BCC /* Frameworks */ = {
			isa = PBXFrameworksBuildPhase;
			buildActionMask = 2147483647;
			files = (
				9653D98B1DB77AC700A84BCC /* libtestStatic.a in Frameworks */,
			);
			runOnlyForDeploymentPostprocessing = 0;
		};
/* End PBXFrameworksBuildPhase section */

/* Begin PBXGroup section */
		9653D9631DB77AB200A84BCC = {
			isa = PBXGroup;
			children = (
				9653D96E1DB77AB200A84BCC /* 测试静态库 */,
				9653D96D1DB77AB200A84BCC /* Products */,
			);
			sourceTree = "<group>";
		};
		9653D96D1DB77AB200A84BCC /* Products */ = {
			isa = PBXGroup;
			children = (
				9653D96C1DB77AB200A84BCC /* 测试静态库.app */,
			);
			name = Products;
			sourceTree = "<group>";
		};
		9653D96E1DB77AB200A84BCC /* 测试静态库 */ = {
			isa = PBXGroup;
			children = (
				9653D9861DB77AC700A84BCC /* Debug-iphonesimulator */,
				9653D9721DB77AB200A84BCC /* AppDelegate.h */,
				9653D9731DB77AB200A84BCC /* AppDelegate.m */,
				9653D9751DB77AB200A84BCC /* ViewController.h */,
				9653D9761DB77AB200A84BCC /* ViewController.m */,
				9653D9781DB77AB200A84BCC /* Main.storyboard */,
				9653D97B1DB77AB200A84BCC /* Assets.xcassets */,
				9653D97D1DB77AB200A84BCC /* LaunchScreen.storyboard */,
				9653D9801DB77AB200A84BCC /* Info.plist */,
				9653D96F1DB77AB200A84BCC /* Supporting Files */,
			);
			path = "测试静态库";
			sourceTree = "<group>";
		};
		9653D96F1DB77AB200A84BCC /* Supporting Files */ = {
			isa = PBXGroup;
			children = (
				9653D9701DB77AB200A84BCC /* main.m */,
			);
			name = "Supporting Files";
			sourceTree = "<group>";
		};
		9653D9861DB77AC700A84BCC /* Debug-iphonesimulator */ = {
			isa = PBXGroup;
			children = (
				9653D9871DB77AC700A84BCC /* include */,
				9653D98A1DB77AC700A84BCC /* libtestStatic.a */,
			);
			path = "Debug-iphonesimulator";
			sourceTree = "<group>";
		};
		9653D9871DB77AC700A84BCC /* include */ = {
			isa = PBXGroup;
			children = (
				9653D98C1DB77AD200A84BCC /* images.bundle */,
				9653D9881DB77AC700A84BCC /* testStatic */,
			);
			path = include;
			sourceTree = "<group>";
		};
		9653D9881DB77AC700A84BCC /* testStatic */ = {
			isa = PBXGroup;
			children = (
				9653D9891DB77AC700A84BCC /* testStatic.h */,
			);
			path = testStatic;
			sourceTree = "<group>";
		};
/* End PBXGroup section */

/* Begin PBXNativeTarget section */
		9653D96B1DB77AB200A84BCC /* 测试静态库 */ = {
			isa = PBXNativeTarget;
			buildConfigurationList = 9653D9831DB77AB200A84BCC /* Build configuration list for PBXNativeTarget "测试静态库" */;
			buildPhases = (
				9653D9681DB77AB200A84BCC /* Sources */,
				9653D9691DB77AB200A84BCC /* Frameworks */,
				9653D96A1DB77AB200A84BCC /* Resources */,
			);
			buildRules = (
			);
			dependencies = (
			);
			name = "测试静态库";
			productName = "测试静态库";
			productReference = 9653D96C1DB77AB200A84BCC /* 测试静态库.app */;
			productType = "com.apple.product-type.application";
		};
/* End PBXNativeTarget section */

/* Begin PBXProject section */
		9653D9641DB77AB200A84BCC /* Project object */ = {
			isa = PBXProject;
			attributes = {
				LastUpgradeCheck = 0800;
				ORGANIZATIONNAME = jason;
				TargetAttributes = {
					9653D96B1DB77AB200A84BCC = {
						CreatedOnToolsVersion = 8.0;
						ProvisioningStyle = Automatic;
					};
				};
			};
			buildConfigurationList = 9653D9671DB77AB200A84BCC /* Build configuration list for PBXProject "测试静态库" */;
			compatibilityVersion = "Xcode 3.2";
			developmentRegion = English;
			hasScannedForEncodings = 0;
			knownRegions = (
				en,
				Base,
			);
			mainGroup = 9653D9631DB77AB200A84BCC;
			productRefGroup = 9653D96D1DB77AB200A84BCC /* Products */;
			projectDirPath = "";
			projectRoot = "";
			targets = (
				9653D96B1DB77AB200A84BCC /* 测试静态库 */,
			);
		};
/* End PBXProject section */

/* Begin PBXResourcesBuildPhase section */
		9653D96A1DB77AB200A84BCC /* Resources */ = {
			isa = PBXResourcesBuildPhase;
			buildActionMask = 2147483647;
			files = (
				9653D97F1DB77AB200A84BCC /* LaunchScreen.storyboard in Resources */,
				9653D97C1DB77AB200A84BCC /* Assets.xcassets in Resources */,
				9653D97A1DB77AB200A84BCC /* Main.storyboard in Resources */,
				9653D98D1DB77AD200A84BCC /* images.bundle in Resources */,
			);
			runOnlyForDeploymentPostprocessing = 0;
		};
/* End PBXResourcesBuildPhase section */

/* Begin PBXSourcesBuildPhase section */
		9653D9681DB77AB200A84BCC /* Sources */ = {
			isa = PBXSourcesBuildPhase;
			buildActionMask = 2147483647;
			files = (
				9653D9771DB77AB200A84BCC /* ViewController.m in Sources */,
				9653D9741DB77AB200A84BCC /* AppDelegate.m in Sources */,
				9653D9711DB77AB200A84BCC /* main.m in Sources */,
			);
			runOnlyForDeploymentPostprocessing = 0;
		};
/* End PBXSourcesBuildPhase section */

/* Begin PBXVariantGroup section */
		9653D9781DB77AB200A84BCC /* Main.storyboard */ = {
			isa = PBXVariantGroup;
			children = (
				9653D9791DB77AB200A84BCC /* Base */,
			);
			name = Main.storyboard;
			sourceTree = "<group>";
		};
		9653D97D1DB77AB200A84BCC /* LaunchScreen.storyboard */ = {
			isa = PBXVariantGroup;
			children = (
				9653D97E1DB77AB200A84BCC /* Base */,
			);
			name = LaunchScreen.storyboard;
			sourceTree = "<group>";
		};
/* End PBXVariantGroup section */

/* Begin XCBuildConfiguration section */
		9653D9811DB77AB200A84BCC /* Debug */ = {
			isa = XCBuildConfiguration;
			buildSettings = {
				ALWAYS_SEARCH_USER_PATHS = NO;
				CLANG_ANALYZER_NONNULL = YES;
				CLANG_CXX_LANGUAGE_STANDARD = "gnu++0x";
				CLANG_CXX_LIBRARY = "libc++";
				CLANG_ENABLE_MODULES = YES;
				CLANG_ENABLE_OBJC_ARC = YES;
				CLANG_WARN_BOOL_CONVERSION = YES;
				CLANG_WARN_CONSTANT_CONVERSION = YES;
				CLANG_WARN_DIRECT_OBJC_ISA_USAGE = YES_ERROR;
				CLANG_WARN_DOCUMENTATION_COMMENTS = YES;
				CLANG_WARN_EMPTY_BODY = YES;
				CLANG_WARN_ENUM_CONVERSION = YES;
				CLANG_WARN_INFINITE_RECURSION = YES;
				CLANG_WARN_INT_CONVERSION = YES;
				CLANG_WARN_OBJC_ROOT_CLASS = YES_ERROR;
				CLANG_WARN_SUSPICIOUS_MOVES = YES;
				CLANG_WARN_UNREACHABLE_CODE = YES;
				CLANG_WARN__DUPLICATE_METHOD_MATCH = YES;
				"CODE_SIGN_IDENTITY[sdk=iphoneos*]" = "iPhone Developer";
				COPY_PHASE_STRIP = NO;
				DEBUG_INFORMATION_FORMAT = dwarf;
				ENABLE_STRICT_OBJC_MSGSEND = YES;
				ENABLE_TESTABILITY = YES;
				GCC_C_LANGUAGE_STANDARD = gnu99;
				GCC_DYNAMIC_NO_PIC = NO;
				GCC_NO_COMMON_BLOCKS = YES;
				GCC_OPTIMIZATION_LEVEL = 0;
				GCC_PREPROCESSOR_DEFINITIONS = (
					"DEBUG=1",
					"$(inherited)",
				);
				GCC_WARN_64_TO_32_BIT_CONVERSION = YES;
				GCC_WARN_ABOUT_RETURN_TYPE = YES_ERROR;
				GCC_WARN_UNDECLARED_SELECTOR = YES;
				GCC_WARN_UNINITIALIZED_AUTOS = YES_AGGRESSIVE;
				GCC_WARN_UNUSED_FUNCTION = YES;
				GCC_WARN_UNUSED_VARIABLE = YES;
				IPHONEOS_DEPLOYMENT_TARGET = 10.0;
				MTL_ENABLE_DEBUG_INFO = YES;
				ONLY_ACTIVE_ARCH = YES;
				SDKROOT = iphoneos;
			};
			name = Debug;
		};
		9653D9821DB77AB200A84BCC /* Release */ = {
			isa = XCBuildConfiguration;
			buildSettings = {
				ALWAYS_SEARCH_USER_PATHS = NO;
				CLANG_ANALYZER_NONNULL = YES;
				CLANG_CXX_LANGUAGE_STANDARD = "gnu++0x";
				CLANG_CXX_LIBRARY = "libc++";
				CLANG_ENABLE_MODULES = YES;
				CLANG_ENABLE_OBJC_ARC = YES;
				CLANG_WARN_BOOL_CONVERSION = YES;
				CLANG_WARN_CONSTANT_CONVERSION = YES;
				CLANG_WARN_DIRECT_OBJC_ISA_USAGE = YES_ERROR;
				CLANG_WARN_DOCUMENTATION_COMMENTS = YES;
				CLANG_WARN_EMPTY_BODY = YES;
				CLANG_WARN_ENUM_CONVERSION = YES;
				CLANG_WARN_INFINITE_RECURSION = YES;
				CLANG_WARN_INT_CONVERSION = YES;
				CLANG_WARN_OBJC_ROOT_CLASS = YES_ERROR;
				CLANG_WARN_SUSPICIOUS_MOVES = YES;
				CLANG_WARN_UNREACHABLE_CODE = YES;
				CLANG_WARN__DUPLICATE_METHOD_MATCH = YES;
				"CODE_SIGN_IDENTITY[sdk=iphoneos*]" = "iPhone Developer";
				COPY_PHASE_STRIP = NO;
				DEBUG_INFORMATION_FORMAT = "dwarf-with-dsym";
				ENABLE_NS_ASSERTIONS = NO;
				ENABLE_STRICT_OBJC_MSGSEND = YES;
				GCC_C_LANGUAGE_STANDARD = gnu99;
				GCC_NO_COMMON_BLOCKS = YES;
				GCC_WARN_64_TO_32_BIT_CONVERSION = YES;
				GCC_WARN_ABOUT_RETURN_TYPE = YES_ERROR;
				GCC_WARN_UNDECLARED_SELECTOR = YES;
				GCC_WARN_UNINITIALIZED_AUTOS = YES_AGGRESSIVE;
				GCC_WARN_UNUSED_FUNCTION = YES;
				GCC_WARN_UNUSED_VARIABLE = YES;
				IPHONEOS_DEPLOYMENT_TARGET = 10.0;
				MTL_ENABLE_DEBUG_INFO = NO;
				SDKROOT = iphoneos;
				VALIDATE_PRODUCT = YES;
			};
			name = Release;
		};
		9653D9841DB77AB200A84BCC /* Debug */ = {
			isa = XCBuildConfiguration;
			buildSettings = {
				ASSETCATALOG_COMPILER_APPICON_NAME = AppIcon;
				INFOPLIST_FILE = "测试静态库/Info.plist";
				LD_RUNPATH_SEARCH_PATHS = "$(inherited) @executable_path/Frameworks";
				LIBRARY_SEARCH_PATHS = (
					"$(inherited)",
					"$(PROJECT_DIR)/测试静态库/Debug-iphonesimulator",
				);
				PRODUCT_BUNDLE_IDENTIFIER = "com.jason.-----";
				PRODUCT_NAME = "$(TARGET_NAME)";
			};
			name = Debug;
		};
		9653D9851DB77AB200A84BCC /* Release */ = {
			isa = XCBuildConfiguration;
			buildSettings = {
				ASSETCATALOG_COMPILER_APPICON_NAME = AppIcon;
				INFOPLIST_FILE = "测试静态库/Info.plist";
				LD_RUNPATH_SEARCH_PATHS = "$(inherited) @executable_path/Frameworks";
				LIBRARY_SEARCH_PATHS = (
					"$(inherited)",
					"$(PROJECT_DIR)/测试静态库/Debug-iphonesimulator",
				);
				PRODUCT_BUNDLE_IDENTIFIER = "com.jason.-----";
				PRODUCT_NAME = "$(TARGET_NAME)";
			};
			name = Release;
		};
/* End XCBuildConfiguration section */

/* Begin XCConfigurationList section */
		9653D9671DB77AB200A84BCC /* Build configuration list for PBXProject "测试静态库" */ = {
			isa = XCConfigurationList;
			buildConfigurations = (
				9653D9811DB77AB200A84BCC /* Debug */,
				9653D9821DB77AB200A84BCC /* Release */,
			);
			defaultConfigurationIsVisible = 0;
			defaultConfigurationName = Release;
		};
		9653D9831DB77AB200A84BCC /* Build configuration list for PBXNativeTarget "测试静态库" */ = {
			isa = XCConfigurationList;
			buildConfigurations = (
				9653D9841DB77AB200A84BCC /* Debug */,
				9653D9851DB77AB200A84BCC /* Release */,
			);
			defaultConfigurationIsVisible = 0;
		};
/* End XCConfigurationList section */
	};
	rootObject = 9653D9641DB77AB200A84BCC /* Project object */;
}
